// !$*UTF8*$!
{
	archiveVersion = 1;
	classes = {
	};
	objectVersion = 56;
	objects = {

/* Begin PBXBuildFile section */
		2CAC0A912C587194005A77D8 /* EmojiTableViewCell.swift in Sources */ = {isa = PBXBuildFile; fileRef = 2CAC0A902C587194005A77D8 /* EmojiTableViewCell.swift */; };
		2CAC0A932C58D064005A77D8 /* EmojiModel.swift in Sources */ = {isa = PBXBuildFile; fileRef = 2CAC0A922C58D064005A77D8 /* EmojiModel.swift */; };
		2CAF35B12C592ACC00EF3CFF /* NewEmojiTableViewController.swift in Sources */ = {isa = PBXBuildFile; fileRef = 2CAF35B02C592ACC00EF3CFF /* NewEmojiTableViewController.swift */; };
		2CC3A6662C525F2200066727 /* AppDelegate.swift in Sources */ = {isa = PBXBuildFile; fileRef = 2CC3A6652C525F2200066727 /* AppDelegate.swift */; };
		2CC3A6682C525F2200066727 /* SceneDelegate.swift in Sources */ = {isa = PBXBuildFile; fileRef = 2CC3A6672C525F2200066727 /* SceneDelegate.swift */; };
		2CC3A66D2C525F2200066727 /* Base in Resources */ = {isa = PBXBuildFile; fileRef = 2CC3A66C2C525F2200066727 /* Base */; };
		2CC3A66F2C525F2300066727 /* Assets.xcassets in Resources */ = {isa = PBXBuildFile; fileRef = 2CC3A66E2C525F2300066727 /* Assets.xcassets */; };
		2CC3A6722C525F2300066727 /* Base in Resources */ = {isa = PBXBuildFile; fileRef = 2CC3A6712C525F2300066727 /* Base */; };
		2CC3A67A2C5261D300066727 /* EmojiTableViewController.swift in Sources */ = {isa = PBXBuildFile; fileRef = 2CC3A6792C5261D300066727 /* EmojiTableViewController.swift */; };
/* End PBXBuildFile section */

/* Begin PBXFileReference section */
		2CAC0A902C587194005A77D8 /* EmojiTableViewCell.swift */ = {isa = PBXFileReference; lastKnownFileType = sourcecode.swift; path = EmojiTableViewCell.swift; sourceTree = "<group>"; };
		2CAC0A922C58D064005A77D8 /* EmojiModel.swift */ = {isa = PBXFileReference; lastKnownFileType = sourcecode.swift; path = EmojiModel.swift; sourceTree = "<group>"; };
		2CAF35B02C592ACC00EF3CFF /* NewEmojiTableViewController.swift */ = {isa = PBXFileReference; lastKnownFileType = sourcecode.swift; path = NewEmojiTableViewController.swift; sourceTree = "<group>"; };
		2CC3A6622C525F2200066727 /* EmojiReader.app */ = {isa = PBXFileReference; explicitFileType = wrapper.application; includeInIndex = 0; path = EmojiReader.app; sourceTree = BUILT_PRODUCTS_DIR; };
		2CC3A6652C525F2200066727 /* AppDelegate.swift */ = {isa = PBXFileReference; lastKnownFileType = sourcecode.swift; path = AppDelegate.swift; sourceTree = "<group>"; };
		2CC3A6672C525F2200066727 /* SceneDelegate.swift */ = {isa = PBXFileReference; lastKnownFileType = sourcecode.swift; path = SceneDelegate.swift; sourceTree = "<group>"; };
		2CC3A66C2C525F2200066727 /* Base */ = {isa = PBXFileReference; lastKnownFileType = file.storyboard; name = Base; path = Base.lproj/Main.storyboard; sourceTree = "<group>"; };
		2CC3A66E2C525F2300066727 /* Assets.xcassets */ = {isa = PBXFileReference; lastKnownFileType = folder.assetcatalog; path = Assets.xcassets; sourceTree = "<group>"; };
		2CC3A6712C525F2300066727 /* Base */ = {isa = PBXFileReference; lastKnownFileType = file.storyboard; name = Base; path = Base.lproj/LaunchScreen.storyboard; sourceTree = "<group>"; };
		2CC3A6732C525F2300066727 /* Info.plist */ = {isa = PBXFileReference; lastKnownFileType = text.plist.xml; path = Info.plist; sourceTree = "<group>"; };
		2CC3A6792C5261D300066727 /* EmojiTableViewController.swift */ = {isa = PBXFileReference; lastKnownFileType = sourcecode.swift; path = EmojiTableViewController.swift; sourceTree = "<group>"; };
/* End PBXFileReference section */

/* Begin PBXFrameworksBuildPhase section */
		2CC3A65F2C525F2200066727 /* Frameworks */ = {
			isa = PBXFrameworksBuildPhase;
			buildActionMask = 2147483647;
			files = (
			);
			runOnlyForDeploymentPostprocessing = 0;
		};
/* End PBXFrameworksBuildPhase section */

/* Begin PBXGroup section */
		2CC3A6592C525F2200066727 = {
			isa = PBXGroup;
			children = (
				2CC3A6642C525F2200066727 /* EmojiReader */,
				2CC3A6632C525F2200066727 /* Products */,
			);
			sourceTree = "<group>";
		};
		2CC3A6632C525F2200066727 /* Products */ = {
			isa = PBXGroup;
			children = (
				2CC3A6622C525F2200066727 /* EmojiReader.app */,
			);
			name = Products;
			sourceTree = "<group>";
		};
		2CC3A6642C525F2200066727 /* EmojiReader */ = {
			isa = PBXGroup;
			children = (
				2CC3A6652C525F2200066727 /* AppDelegate.swift */,
				2CC3A6672C525F2200066727 /* SceneDelegate.swift */,
				2CC3A6792C5261D300066727 /* EmojiTableViewController.swift */,
				2CAF35B02C592ACC00EF3CFF /* NewEmojiTableViewController.swift */,
				2CAC0A922C58D064005A77D8 /* EmojiModel.swift */,
				2CAC0A902C587194005A77D8 /* EmojiTableViewCell.swift */,
				2CC3A66B2C525F2200066727 /* Main.storyboard */,
				2CC3A66E2C525F2300066727 /* Assets.xcassets */,
				2CC3A6702C525F2300066727 /* LaunchScreen.storyboard */,
				2CC3A6732C525F2300066727 /* Info.plist */,
			);
			path = EmojiReader;
			sourceTree = "<group>";
		};
/* End PBXGroup section */

/* Begin PBXNativeTarget section */
		2CC3A6612C525F2200066727 /* EmojiReader */ = {
			isa = PBXNativeTarget;
			buildConfigurationList = 2CC3A6762C525F2300066727 /* Build configuration list for PBXNativeTarget "EmojiReader" */;
			buildPhases = (
				2CC3A65E2C525F2200066727 /* Sources */,
				2CC3A65F2C525F2200066727 /* Frameworks */,
				2CC3A6602C525F2200066727 /* Resources */,
			);
			buildRules = (
			);
			dependencies = (
			);
			name = EmojiReader;
			productName = EmojiReader;
			productReference = 2CC3A6622C525F2200066727 /* EmojiReader.app */;
			productType = "com.apple.product-type.application";
		};
/* End PBXNativeTarget section */

/* Begin PBXProject section */
		2CC3A65A2C525F2200066727 /* Project object */ = {
			isa = PBXProject;
			attributes = {
				BuildIndependentTargetsInParallel = 1;
				LastSwiftUpdateCheck = 1540;
				LastUpgradeCheck = 1540;
				TargetAttributes = {
					2CC3A6612C525F2200066727 = {
						CreatedOnToolsVersion = 15.4;
					};
				};
			};
			buildConfigurationList = 2CC3A65D2C525F2200066727 /* Build configuration list for PBXProject "EmojiReader" */;
			compatibilityVersion = "Xcode 14.0";
			developmentRegion = en;
			hasScannedForEncodings = 0;
			knownRegions = (
				en,
				Base,
			);
			mainGroup = 2CC3A6592C525F2200066727;
			productRefGroup = 2CC3A6632C525F2200066727 /* Products */;
			projectDirPath = "";
			projectRoot = "";
			targets = (
				2CC3A6612C525F2200066727 /* EmojiReader */,
			);
		};
/* End PBXProject section */

/* Begin PBXResourcesBuildPhase section */
		2CC3A6602C525F2200066727 /* Resources */ = {
			isa = PBXResourcesBuildPhase;
			buildActionMask = 2147483647;
			files = (
				2CC3A66F2C525F2300066727 /* Assets.xcassets in Resources */,
				2CC3A6722C525F2300066727 /* Base in Resources */,
				2CC3A66D2C525F2200066727 /* Base in Resources */,
			);
			runOnlyForDeploymentPostprocessing = 0;
		};
/* End PBXResourcesBuildPhase section */

/* Begin PBXSourcesBuildPhase section */
		2CC3A65E2C525F2200066727 /* Sources */ = {
			isa = PBXSourcesBuildPhase;
			buildActionMask = 2147483647;
			files = (
				2CC3A6662C525F2200066727 /* AppDelegate.swift in Sources */,
				2CAF35B12C592ACC00EF3CFF /* NewEmojiTableViewController.swift in Sources */,
				2CC3A6682C525F2200066727 /* SceneDelegate.swift in Sources */,
				2CAC0A912C587194005A77D8 /* EmojiTableViewCell.swift in Sources */,
				2CAC0A932C58D064005A77D8 /* EmojiModel.swift in Sources */,
				2CC3A67A2C5261D300066727 /* EmojiTableViewController.swift in Sources */,
			);
			runOnlyForDeploymentPostprocessing = 0;
		};
/* End PBXSourcesBuildPhase section */

/* Begin PBXVariantGroup section */
		2CC3A66B2C525F2200066727 /* Main.storyboard */ = {
			isa = PBXVariantGroup;
			children = (
				2CC3A66C2C525F2200066727 /* Base */,
			);
			name = Main.storyboard;
			sourceTree = "<group>";
		};
		2CC3A6702C525F2300066727 /* LaunchScreen.storyboard */ = {
			isa = PBXVariantGroup;
			children = (
				2CC3A6712C525F2300066727 /* Base */,
			);
			name = LaunchScreen.storyboard;
			sourceTree = "<group>";
		};
/* End PBXVariantGroup section */

/* Begin XCBuildConfiguration section */
		2CC3A6742C525F2300066727 /* Debug */ = {
			isa = XCBuildConfiguration;
			buildSettings = {
				ALWAYS_SEARCH_USER_PATHS = NO;
				ASSETCATALOG_COMPILER_GENERATE_SWIFT_ASSET_SYMBOL_EXTENSIONS = YES;
				CLANG_ANALYZER_NONNULL = YES;
				CLANG_ANALYZER_NUMBER_OBJECT_CONVERSION = YES_AGGRESSIVE;
				CLANG_CXX_LANGUAGE_STANDARD = "gnu++20";
				CLANG_ENABLE_MODULES = YES;
				CLANG_ENABLE_OBJC_ARC = YES;
				CLANG_ENABLE_OBJC_WEAK = YES;
				CLANG_WARN_BLOCK_CAPTURE_AUTORELEASING = YES;
				CLANG_WARN_BOOL_CONVERSION = YES;
				CLANG_WARN_COMMA = YES;
				CLANG_WARN_CONSTANT_CONVERSION = YES;
				CLANG_WARN_DEPRECATED_OBJC_IMPLEMENTATIONS = YES;
				CLANG_WARN_DIRECT_OBJC_ISA_USAGE = YES_ERROR;
				CLANG_WARN_DOCUMENTATION_COMMENTS = YES;
				CLANG_WARN_EMPTY_BODY = YES;
				CLANG_WARN_ENUM_CONVERSION = YES;
				CLANG_WARN_INFINITE_RECURSION = YES;
				CLANG_WARN_INT_CONVERSION = YES;
				CLANG_WARN_NON_LITERAL_NULL_CONVERSION = YES;
				CLANG_WARN_OBJC_IMPLICIT_RETAIN_SELF = YES;
				CLANG_WARN_OBJC_LITERAL_CONVERSION = YES;
				CLANG_WARN_OBJC_ROOT_CLASS = YES_ERROR;
				CLANG_WARN_QUOTED_INCLUDE_IN_FRAMEWORK_HEADER = YES;
				CLANG_WARN_RANGE_LOOP_ANALYSIS = YES;
				CLANG_WARN_STRICT_PROTOTYPES = YES;
				CLANG_WARN_SUSPICIOUS_MOVE = YES;
				CLANG_WARN_UNGUARDED_AVAILABILITY = YES_AGGRESSIVE;
				CLANG_WARN_UNREACHABLE_CODE = YES;
				CLANG_WARN__DUPLICATE_METHOD_MATCH = YES;
				COPY_PHASE_STRIP = NO;
				DEBUG_INFORMATION_FORMAT = dwarf;
				ENABLE_STRICT_OBJC_MSGSEND = YES;
				ENABLE_TESTABILITY = YES;
				ENABLE_USER_SCRIPT_SANDBOXING = YES;
				GCC_C_LANGUAGE_STANDARD = gnu17;
				GCC_DYNAMIC_NO_PIC = NO;
				GCC_NO_COMMON_BLOCKS = YES;
				GCC_OPTIMIZATION_LEVEL = 0;
				GCC_PREPROCESSOR_DEFINITIONS = (
					"DEBUG=1",
					"$(inherited)",
				);
				GCC_WARN_64_TO_32_BIT_CONVERSION = YES;
				GCC_WARN_ABOUT_RETURN_TYPE = YES_ERROR;
				GCC_WARN_UNDECLARED_SELECTOR = YES;
				GCC_WARN_UNINITIALIZED_AUTOS = YES_AGGRESSIVE;
				GCC_WARN_UNUSED_FUNCTION = YES;
				GCC_WARN_UNUSED_VARIABLE = YES;
				IPHONEOS_DEPLOYMENT_TARGET = 17.5;
				LOCALIZATION_PREFERS_STRING_CATALOGS = YES;
				MTL_ENABLE_DEBUG_INFO = INCLUDE_SOURCE;
				MTL_FAST_MATH = YES;
				ONLY_ACTIVE_ARCH = YES;
				SDKROOT = iphoneos;
				SWIFT_ACTIVE_COMPILATION_CONDITIONS = "DEBUG $(inherited)";
				SWIFT_OPTIMIZATION_LEVEL = "-Onone";
			};
			name = Debug;
		};
		2CC3A6752C525F2300066727 /* Release */ = {
			isa = XCBuildConfiguration;
			buildSettings = {
				ALWAYS_SEARCH_USER_PATHS = NO;
				ASSETCATALOG_COMPILER_GENERATE_SWIFT_ASSET_SYMBOL_EXTENSIONS = YES;
				CLANG_ANALYZER_NONNULL = YES;
				CLANG_ANALYZER_NUMBER_OBJECT_CONVERSION = YES_AGGRESSIVE;
				CLANG_CXX_LANGUAGE_STANDARD = "gnu++20";
				CLANG_ENABLE_MODULES = YES;
				CLANG_ENABLE_OBJC_ARC = YES;
				CLANG_ENABLE_OBJC_WEAK = YES;
				CLANG_WARN_BLOCK_CAPTURE_AUTORELEASING = YES;
				CLANG_WARN_BOOL_CONVERSION = YES;
				CLANG_WARN_COMMA = YES;
				CLANG_WARN_CONSTANT_CONVERSION = YES;
				CLANG_WARN_DEPRECATED_OBJC_IMPLEMENTATIONS = YES;
				CLANG_WARN_DIRECT_OBJC_ISA_USAGE = YES_ERROR;
				CLANG_WARN_DOCUMENTATION_COMMENTS = YES;
				CLANG_WARN_EMPTY_BODY = YES;
				CLANG_WARN_ENUM_CONVERSION = YES;
				CLANG_WARN_INFINITE_RECURSION = YES;
				CLANG_WARN_INT_CONVERSION = YES;
				CLANG_WARN_NON_LITERAL_NULL_CONVERSION = YES;
				CLANG_WARN_OBJC_IMPLICIT_RETAIN_SELF = YES;
				CLANG_WARN_OBJC_LITERAL_CONVERSION = YES;
				CLANG_WARN_OBJC_ROOT_CLASS = YES_ERROR;
				CLANG_WARN_QUOTED_INCLUDE_IN_FRAMEWORK_HEADER = YES;
				CLANG_WARN_RANGE_LOOP_ANALYSIS = YES;
				CLANG_WARN_STRICT_PROTOTYPES = YES;
				CLANG_WARN_SUSPICIOUS_MOVE = YES;
				CLANG_WARN_UNGUARDED_AVAILABILITY = YES_AGGRESSIVE;
				CLANG_WARN_UNREACHABLE_CODE = YES;
				CLANG_WARN__DUPLICATE_METHOD_MATCH = YES;
				COPY_PHASE_STRIP = NO;
				DEBUG_INFORMATION_FORMAT = "dwarf-with-dsym";
				ENABLE_NS_ASSERTIONS = NO;
				ENABLE_STRICT_OBJC_MSGSEND = YES;
				ENABLE_USER_SCRIPT_SANDBOXING = YES;
				GCC_C_LANGUAGE_STANDARD = gnu17;
				GCC_NO_COMMON_BLOCKS = YES;
				GCC_WARN_64_TO_32_BIT_CONVERSION = YES;
				GCC_WARN_ABOUT_RETURN_TYPE = YES_ERROR;
				GCC_WARN_UNDECLARED_SELECTOR = YES;
				GCC_WARN_UNINITIALIZED_AUTOS = YES_AGGRESSIVE;
				GCC_WARN_UNUSED_FUNCTION = YES;
				GCC_WARN_UNUSED_VARIABLE = YES;
				IPHONEOS_DEPLOYMENT_TARGET = 17.5;
				LOCALIZATION_PREFERS_STRING_CATALOGS = YES;
				MTL_ENABLE_DEBUG_INFO = NO;
				MTL_FAST_MATH = YES;
				SDKROOT = iphoneos;
				SWIFT_COMPILATION_MODE = wholemodule;
				VALIDATE_PRODUCT = YES;
			};
			name = Release;
		};
		2CC3A6772C525F2300066727 /* Debug */ = {
			isa = XCBuildConfiguration;
			buildSettings = {
				ASSETCATALOG_COMPILER_APPICON_NAME = AppIcon;
				ASSETCATALOG_COMPILER_GLOBAL_ACCENT_COLOR_NAME = AccentColor;
				CODE_SIGN_STYLE = Automatic;
				CURRENT_PROJECT_VERSION = 1;
				DEVELOPMENT_TEAM = 9FWV8TD269;
				GENERATE_INFOPLIST_FILE = YES;
				INFOPLIST_FILE = EmojiReader/Info.plist;
				INFOPLIST_KEY_UIApplicationSupportsIndirectInputEvents = YES;
				INFOPLIST_KEY_UILaunchStoryboardName = LaunchScreen;
				INFOPLIST_KEY_UIMainStoryboardFile = Main;
				INFOPLIST_KEY_UISupportedInterfaceOrientations = UIInterfaceOrientationPortrait;
				INFOPLIST_KEY_UISupportedInterfaceOrientations_iPad = "UIInterfaceOrientationLandscapeLeft UIInterfaceOrientationLandscapeRight UIInterfaceOrientationPortrait UIInterfaceOrientationPortraitUpsideDown";
				LD_RUNPATH_SEARCH_PATHS = (
					"$(inherited)",
					"@executable_path/Frameworks",
				);
				MARKETING_VERSION = 1.0;
				PRODUCT_BUNDLE_IDENTIFIER = "Ramazanow-Roman.EmojiReader";
				PRODUCT_NAME = "$(TARGET_NAME)";
				SUPPORTED_PLATFORMS = "iphoneos iphonesimulator";
				SUPPORTS_MACCATALYST = NO;
				SUPPORTS_MAC_DESIGNED_FOR_IPHONE_IPAD = NO;
				SUPPORTS_XR_DESIGNED_FOR_IPHONE_IPAD = NO;
				SWIFT_EMIT_LOC_STRINGS = YES;
				SWIFT_VERSION = 5.0;
				TARGETED_DEVICE_FAMILY = 1;
			};
			name = Debug;
		};
		2CC3A6782C525F2300066727 /* Release */ = {
			isa = XCBuildConfiguration;
			buildSettings = {
				ASSETCATALOG_COMPILER_APPICON_NAME = AppIcon;
				ASSETCATALOG_COMPILER_GLOBAL_ACCENT_COLOR_NAME = AccentColor;
				CODE_SIGN_STYLE = Automatic;
				CURRENT_PROJECT_VERSION = 1;
				DEVELOPMENT_TEAM = 9FWV8TD269;
				GENERATE_INFOPLIST_FILE = YES;
				INFOPLIST_FILE = EmojiReader/Info.plist;
				INFOPLIST_KEY_UIApplicationSupportsIndirectInputEvents = YES;
				INFOPLIST_KEY_UILaunchStoryboardName = LaunchScreen;
				INFOPLIST_KEY_UIMainStoryboardFile = Main;
				INFOPLIST_KEY_UISupportedInterfaceOrientations = UIInterfaceOrientationPortrait;
				INFOPLIST_KEY_UISupportedInterfaceOrientations_iPad = "UIInterfaceOrientationLandscapeLeft UIInterfaceOrientationLandscapeRight UIInterfaceOrientationPortrait UIInterfaceOrientationPortraitUpsideDown";
				LD_RUNPATH_SEARCH_PATHS = (
					"$(inherited)",
					"@executable_path/Frameworks",
				);
				MARKETING_VERSION = 1.0;
				PRODUCT_BUNDLE_IDENTIFIER = "Ramazanow-Roman.EmojiReader";
				PRODUCT_NAME = "$(TARGET_NAME)";
				SUPPORTED_PLATFORMS = "iphoneos iphonesimulator";
				SUPPORTS_MACCATALYST = NO;
				SUPPORTS_MAC_DESIGNED_FOR_IPHONE_IPAD = NO;
				SUPPORTS_XR_DESIGNED_FOR_IPHONE_IPAD = NO;
				SWIFT_EMIT_LOC_STRINGS = YES;
				SWIFT_VERSION = 5.0;
				TARGETED_DEVICE_FAMILY = 1;
			};
			name = Release;
		};
/* End XCBuildConfiguration section */

/* Begin XCConfigurationList section */
		2CC3A65D2C525F2200066727 /* Build configuration list for PBXProject "EmojiReader" */ = {
			isa = XCConfigurationList;
			buildConfigurations = (
				2CC3A6742C525F2300066727 /* Debug */,
				2CC3A6752C525F2300066727 /* Release */,
			);
			defaultConfigurationIsVisible = 0;
			defaultConfigurationName = Release;
		};
		2CC3A6762C525F2300066727 /* Build configuration list for PBXNativeTarget "EmojiReader" */ = {
			isa = XCConfigurationList;
			buildConfigurations = (
				2CC3A6772C525F2300066727 /* Debug */,
				2CC3A6782C525F2300066727 /* Release */,
			);
			defaultConfigurationIsVisible = 0;
			defaultConfigurationName = Release;
		};
/* End XCConfigurationList section */
	};
	rootObject = 2CC3A65A2C525F2200066727 /* Project object */;
}
